
Microsoft Visual Studio Solution File, Format Version 12.00
# Visual Studio 15
VisualStudioVersion = 15.0.28307.136
MinimumVisualStudioVersion = 10.0.40219.1
Project("{FAE04EC0-301F-11D3-BF4B-00C04F79EFBC}") = "dotunit", "dotunit\dotunit.csproj", "{8D227381-AF05-425A-BB70-A1C7519FCAA2}"
EndProject
Project("{FAE04EC0-301F-11D3-BF4B-00C04F79EFBC}") = "dotunit.Test", "dotunit.Test\dotunit.Test.csproj", "{C4B126B5-9A6A-41EA-B454-30D6E2E5D723}"
EndProject
Global
	GlobalSection(SolutionConfigurationPlatforms) = preSolution
		Debug|Any CPU = Debug|Any CPU
		Release|Any CPU = Release|Any CPU
	EndGlobalSection
	GlobalSection(ProjectConfigurationPlatforms) = postSolution
		{8D227381-AF05-425A-BB70-A1C7519FCAA2}.Debug|Any CPU.ActiveCfg = Debug|Any CPU
		{8D227381-AF05-425A-BB70-A1C7519FCAA2}.Debug|Any CPU.Build.0 = Debug|Any CPU
		{8D227381-AF05-425A-BB70-A1C7519FCAA2}.Release|Any CPU.ActiveCfg = Release|Any CPU
		{8D227381-AF05-425A-BB70-A1C7519FCAA2}.Release|Any CPU.Build.0 = Release|Any CPU
		{C4B126B5-9A6A-41EA-B454-30D6E2E5D723}.Debug|Any CPU.ActiveCfg = Debug|Any CPU
		{C4B126B5-9A6A-41EA-B454-30D6E2E5D723}.Debug|Any CPU.Build.0 = Debug|Any CPU
		{C4B126B5-9A6A-41EA-B454-30D6E2E5D723}.Release|Any CPU.ActiveCfg = Release|Any CPU
		{C4B126B5-9A6A-41EA-B454-30D6E2E5D723}.Release|Any CPU.Build.0 = Release|Any CPU
	EndGlobalSection
	GlobalSection(SolutionProperties) = preSolution
		HideSolutionNode = FALSE
	EndGlobalSection
	GlobalSection(ExtensibilityGlobals) = postSolution
		SolutionGuid = {42909B4E-CA6F-45D6-9B03-C143EE964B40}
	EndGlobalSection
EndGlobal
